// !$*UTF8*$!
{
	archiveVersion = 1;
	classes = {
	};
	objectVersion = 50;
	objects = {

/* Begin PBXBuildFile section */
		3EE0E8A62148966A005A798A /* AppDelegate.swift in Sources */ = {isa = PBXBuildFile; fileRef = 3EE0E8A52148966A005A798A /* AppDelegate.swift */; };
		3EE0E8AB2148966A005A798A /* Main.storyboard in Resources */ = {isa = PBXBuildFile; fileRef = 3EE0E8A92148966A005A798A /* Main.storyboard */; };
		3EE0E8AD2148966C005A798A /* Assets.xcassets in Resources */ = {isa = PBXBuildFile; fileRef = 3EE0E8AC2148966C005A798A /* Assets.xcassets */; };
		3EE0E8B02148966C005A798A /* LaunchScreen.storyboard in Resources */ = {isa = PBXBuildFile; fileRef = 3EE0E8AE2148966C005A798A /* LaunchScreen.storyboard */; };
		3EE0E8BB2148966C005A798A /* ReflectTests.swift in Sources */ = {isa = PBXBuildFile; fileRef = 3EE0E8BA2148966C005A798A /* ReflectTests.swift */; };
		3EE0E8C62148966C005A798A /* ReflectUITests.swift in Sources */ = {isa = PBXBuildFile; fileRef = 3EE0E8C52148966C005A798A /* ReflectUITests.swift */; };
/* End PBXBuildFile section */

/* Begin PBXContainerItemProxy section */
		3EE0E8B72148966C005A798A /* PBXContainerItemProxy */ = {
			isa = PBXContainerItemProxy;
			containerPortal = 3EE0E89A2148966A005A798A /* Project object */;
			proxyType = 1;
			remoteGlobalIDString = 3EE0E8A12148966A005A798A;
			remoteInfo = Reflect;
		};
		3EE0E8C22148966C005A798A /* PBXContainerItemProxy */ = {
			isa = PBXContainerItemProxy;
			containerPortal = 3EE0E89A2148966A005A798A /* Project object */;
			proxyType = 1;
			remoteGlobalIDString = 3EE0E8A12148966A005A798A;
			remoteInfo = Reflect;
		};
/* End PBXContainerItemProxy section */

/* Begin PBXFileReference section */
		3EE0E8A22148966A005A798A /* Reflect.app */ = {isa = PBXFileReference; explicitFileType = wrapper.application; includeInIndex = 0; path = Reflect.app; sourceTree = BUILT_PRODUCTS_DIR; };
		3EE0E8A52148966A005A798A /* AppDelegate.swift */ = {isa = PBXFileReference; lastKnownFileType = sourcecode.swift; path = AppDelegate.swift; sourceTree = "<group>"; };
		3EE0E8AA2148966A005A798A /* Base */ = {isa = PBXFileReference; lastKnownFileType = file.storyboard; name = Base; path = Base.lproj/Main.storyboard; sourceTree = "<group>"; };
		3EE0E8AC2148966C005A798A /* Assets.xcassets */ = {isa = PBXFileReference; lastKnownFileType = folder.assetcatalog; path = Assets.xcassets; sourceTree = "<group>"; };
		3EE0E8AF2148966C005A798A /* Base */ = {isa = PBXFileReference; lastKnownFileType = file.storyboard; name = Base; path = Base.lproj/LaunchScreen.storyboard; sourceTree = "<group>"; };
		3EE0E8B12148966C005A798A /* Info.plist */ = {isa = PBXFileReference; lastKnownFileType = text.plist.xml; path = Info.plist; sourceTree = "<group>"; };
		3EE0E8B62148966C005A798A /* ReflectTests.xctest */ = {isa = PBXFileReference; explicitFileType = wrapper.cfbundle; includeInIndex = 0; path = ReflectTests.xctest; sourceTree = BUILT_PRODUCTS_DIR; };
		3EE0E8BA2148966C005A798A /* ReflectTests.swift */ = {isa = PBXFileReference; lastKnownFileType = sourcecode.swift; path = ReflectTests.swift; sourceTree = "<group>"; };
		3EE0E8BC2148966C005A798A /* Info.plist */ = {isa = PBXFileReference; lastKnownFileType = text.plist.xml; path = Info.plist; sourceTree = "<group>"; };
		3EE0E8C12148966C005A798A /* ReflectUITests.xctest */ = {isa = PBXFileReference; explicitFileType = wrapper.cfbundle; includeInIndex = 0; path = ReflectUITests.xctest; sourceTree = BUILT_PRODUCTS_DIR; };
		3EE0E8C52148966C005A798A /* ReflectUITests.swift */ = {isa = PBXFileReference; lastKnownFileType = sourcecode.swift; path = ReflectUITests.swift; sourceTree = "<group>"; };
		3EE0E8C72148966C005A798A /* Info.plist */ = {isa = PBXFileReference; lastKnownFileType = text.plist.xml; path = Info.plist; sourceTree = "<group>"; };
/* End PBXFileReference section */

/* Begin PBXFrameworksBuildPhase section */
		3EE0E89F2148966A005A798A /* Frameworks */ = {
			isa = PBXFrameworksBuildPhase;
			buildActionMask = 2147483647;
			files = (
			);
			runOnlyForDeploymentPostprocessing = 0;
		};
		3EE0E8B32148966C005A798A /* Frameworks */ = {
			isa = PBXFrameworksBuildPhase;
			buildActionMask = 2147483647;
			files = (
			);
			runOnlyForDeploymentPostprocessing = 0;
		};
		3EE0E8BE2148966C005A798A /* Frameworks */ = {
			isa = PBXFrameworksBuildPhase;
			buildActionMask = 2147483647;
			files = (
			);
			runOnlyForDeploymentPostprocessing = 0;
		};
/* End PBXFrameworksBuildPhase section */

/* Begin PBXGroup section */
		3EE0E8992148966A005A798A = {
			isa = PBXGroup;
			children = (
				3EE0E8A42148966A005A798A /* Reflect */,
				3EE0E8B92148966C005A798A /* ReflectTests */,
				3EE0E8C42148966C005A798A /* ReflectUITests */,
				3EE0E8A32148966A005A798A /* Products */,
			);
			sourceTree = "<group>";
		};
		3EE0E8A32148966A005A798A /* Products */ = {
			isa = PBXGroup;
			children = (
				3EE0E8A22148966A005A798A /* Reflect.app */,
				3EE0E8B62148966C005A798A /* ReflectTests.xctest */,
				3EE0E8C12148966C005A798A /* ReflectUITests.xctest */,
			);
			name = Products;
			sourceTree = "<group>";
		};
		3EE0E8A42148966A005A798A /* Reflect */ = {
			isa = PBXGroup;
			children = (
				3EE0E8DA21489890005A798A /* Firebase */,
				3EE0E8D3214896BE005A798A /* Models */,
				3EE0E8D5214896D9005A798A /* Controllers */,
				3EE0E8D4214896CB005A798A /* UI */,
				3EE0E8DB214898A6005A798A /* Extensions */,
				3EE0E8D921489888005A798A /* Resources */,
			);
			path = Reflect;
			sourceTree = "<group>";
		};
		3EE0E8B92148966C005A798A /* ReflectTests */ = {
			isa = PBXGroup;
			children = (
				3EE0E8BA2148966C005A798A /* ReflectTests.swift */,
				3EE0E8BC2148966C005A798A /* Info.plist */,
			);
			path = ReflectTests;
			sourceTree = "<group>";
		};
		3EE0E8C42148966C005A798A /* ReflectUITests */ = {
			isa = PBXGroup;
			children = (
				3EE0E8C52148966C005A798A /* ReflectUITests.swift */,
				3EE0E8C72148966C005A798A /* Info.plist */,
			);
			path = ReflectUITests;
			sourceTree = "<group>";
		};
		3EE0E8D3214896BE005A798A /* Models */ = {
			isa = PBXGroup;
			children = (
			);
			path = Models;
			sourceTree = "<group>";
		};
		3EE0E8D4214896CB005A798A /* UI */ = {
			isa = PBXGroup;
			children = (
				3EE0E8AE2148966C005A798A /* LaunchScreen.storyboard */,
				3EE0E8A92148966A005A798A /* Main.storyboard */,
				3EE0E8D6214896E6005A798A /* Views */,
			);
			path = UI;
			sourceTree = "<group>";
		};
		3EE0E8D5214896D9005A798A /* Controllers */ = {
			isa = PBXGroup;
			children = (
				3EE0E8D8214896FC005A798A /* Model Controllers */,
				3EE0E8D7214896ED005A798A /* View Controllers */,
			);
			path = Controllers;
			sourceTree = "<group>";
		};
		3EE0E8D6214896E6005A798A /* Views */ = {
			isa = PBXGroup;
			children = (
			);
			path = Views;
			sourceTree = "<group>";
		};
		3EE0E8D7214896ED005A798A /* View Controllers */ = {
			isa = PBXGroup;
			children = (
			);
			path = "View Controllers";
			sourceTree = "<group>";
		};
		3EE0E8D8214896FC005A798A /* Model Controllers */ = {
			isa = PBXGroup;
			children = (
			);
			path = "Model Controllers";
			sourceTree = "<group>";
		};
		3EE0E8D921489888005A798A /* Resources */ = {
			isa = PBXGroup;
			children = (
				3EE0E8AC2148966C005A798A /* Assets.xcassets */,
				3EE0E8A52148966A005A798A /* AppDelegate.swift */,
				3EE0E8B12148966C005A798A /* Info.plist */,
			);
			path = Resources;
			sourceTree = "<group>";
		};
		3EE0E8DA21489890005A798A /* Firebase */ = {
			isa = PBXGroup;
			children = (
			);
			path = Firebase;
			sourceTree = "<group>";
		};
		3EE0E8DB214898A6005A798A /* Extensions */ = {
			isa = PBXGroup;
			children = (
			);
			path = Extensions;
			sourceTree = "<group>";
		};
/* End PBXGroup section */

/* Begin PBXNativeTarget section */
		3EE0E8A12148966A005A798A /* Reflect */ = {
			isa = PBXNativeTarget;
			buildConfigurationList = 3EE0E8CA2148966C005A798A /* Build configuration list for PBXNativeTarget "Reflect" */;
			buildPhases = (
				3EE0E89E2148966A005A798A /* Sources */,
				3EE0E89F2148966A005A798A /* Frameworks */,
				3EE0E8A02148966A005A798A /* Resources */,
			);
			buildRules = (
			);
			dependencies = (
			);
			name = Reflect;
			productName = Reflect;
			productReference = 3EE0E8A22148966A005A798A /* Reflect.app */;
			productType = "com.apple.product-type.application";
		};
		3EE0E8B52148966C005A798A /* ReflectTests */ = {
			isa = PBXNativeTarget;
			buildConfigurationList = 3EE0E8CD2148966C005A798A /* Build configuration list for PBXNativeTarget "ReflectTests" */;
			buildPhases = (
				3EE0E8B22148966C005A798A /* Sources */,
				3EE0E8B32148966C005A798A /* Frameworks */,
				3EE0E8B42148966C005A798A /* Resources */,
			);
			buildRules = (
			);
			dependencies = (
				3EE0E8B82148966C005A798A /* PBXTargetDependency */,
			);
			name = ReflectTests;
			productName = ReflectTests;
			productReference = 3EE0E8B62148966C005A798A /* ReflectTests.xctest */;
			productType = "com.apple.product-type.bundle.unit-test";
		};
		3EE0E8C02148966C005A798A /* ReflectUITests */ = {
			isa = PBXNativeTarget;
			buildConfigurationList = 3EE0E8D02148966C005A798A /* Build configuration list for PBXNativeTarget "ReflectUITests" */;
			buildPhases = (
				3EE0E8BD2148966C005A798A /* Sources */,
				3EE0E8BE2148966C005A798A /* Frameworks */,
				3EE0E8BF2148966C005A798A /* Resources */,
			);
			buildRules = (
			);
			dependencies = (
				3EE0E8C32148966C005A798A /* PBXTargetDependency */,
			);
			name = ReflectUITests;
			productName = ReflectUITests;
			productReference = 3EE0E8C12148966C005A798A /* ReflectUITests.xctest */;
			productType = "com.apple.product-type.bundle.ui-testing";
		};
/* End PBXNativeTarget section */

/* Begin PBXProject section */
		3EE0E89A2148966A005A798A /* Project object */ = {
			isa = PBXProject;
			attributes = {
				LastSwiftUpdateCheck = 1000;
				LastUpgradeCheck = 1000;
				ORGANIZATIONNAME = "Owen Henley";
				TargetAttributes = {
					3EE0E8A12148966A005A798A = {
						CreatedOnToolsVersion = 10.0;
					};
					3EE0E8B52148966C005A798A = {
						CreatedOnToolsVersion = 10.0;
						TestTargetID = 3EE0E8A12148966A005A798A;
					};
					3EE0E8C02148966C005A798A = {
						CreatedOnToolsVersion = 10.0;
						TestTargetID = 3EE0E8A12148966A005A798A;
					};
				};
			};
			buildConfigurationList = 3EE0E89D2148966A005A798A /* Build configuration list for PBXProject "Reflect" */;
			compatibilityVersion = "Xcode 9.3";
			developmentRegion = en;
			hasScannedForEncodings = 0;
			knownRegions = (
				en,
				Base,
			);
			mainGroup = 3EE0E8992148966A005A798A;
			productRefGroup = 3EE0E8A32148966A005A798A /* Products */;
			projectDirPath = "";
			projectRoot = "";
			targets = (
				3EE0E8A12148966A005A798A /* Reflect */,
				3EE0E8B52148966C005A798A /* ReflectTests */,
				3EE0E8C02148966C005A798A /* ReflectUITests */,
			);
		};
/* End PBXProject section */

/* Begin PBXResourcesBuildPhase section */
		3EE0E8A02148966A005A798A /* Resources */ = {
			isa = PBXResourcesBuildPhase;
			buildActionMask = 2147483647;
			files = (
				3EE0E8B02148966C005A798A /* LaunchScreen.storyboard in Resources */,
				3EE0E8AD2148966C005A798A /* Assets.xcassets in Resources */,
				3EE0E8AB2148966A005A798A /* Main.storyboard in Resources */,
			);
			runOnlyForDeploymentPostprocessing = 0;
		};
		3EE0E8B42148966C005A798A /* Resources */ = {
			isa = PBXResourcesBuildPhase;
			buildActionMask = 2147483647;
			files = (
			);
			runOnlyForDeploymentPostprocessing = 0;
		};
		3EE0E8BF2148966C005A798A /* Resources */ = {
			isa = PBXResourcesBuildPhase;
			buildActionMask = 2147483647;
			files = (
			);
			runOnlyForDeploymentPostprocessing = 0;
		};
/* End PBXResourcesBuildPhase section */

/* Begin PBXSourcesBuildPhase section */
		3EE0E89E2148966A005A798A /* Sources */ = {
			isa = PBXSourcesBuildPhase;
			buildActionMask = 2147483647;
			files = (
				3EE0E8A62148966A005A798A /* AppDelegate.swift in Sources */,
			);
			runOnlyForDeploymentPostprocessing = 0;
		};
		3EE0E8B22148966C005A798A /* Sources */ = {
			isa = PBXSourcesBuildPhase;
			buildActionMask = 2147483647;
			files = (
				3EE0E8BB2148966C005A798A /* ReflectTests.swift in Sources */,
			);
			runOnlyForDeploymentPostprocessing = 0;
		};
		3EE0E8BD2148966C005A798A /* Sources */ = {
			isa = PBXSourcesBuildPhase;
			buildActionMask = 2147483647;
			files = (
				3EE0E8C62148966C005A798A /* ReflectUITests.swift in Sources */,
			);
			runOnlyForDeploymentPostprocessing = 0;
		};
/* End PBXSourcesBuildPhase section */

/* Begin PBXTargetDependency section */
		3EE0E8B82148966C005A798A /* PBXTargetDependency */ = {
			isa = PBXTargetDependency;
			target = 3EE0E8A12148966A005A798A /* Reflect */;
			targetProxy = 3EE0E8B72148966C005A798A /* PBXContainerItemProxy */;
		};
		3EE0E8C32148966C005A798A /* PBXTargetDependency */ = {
			isa = PBXTargetDependency;
			target = 3EE0E8A12148966A005A798A /* Reflect */;
			targetProxy = 3EE0E8C22148966C005A798A /* PBXContainerItemProxy */;
		};
/* End PBXTargetDependency section */

/* Begin PBXVariantGroup section */
		3EE0E8A92148966A005A798A /* Main.storyboard */ = {
			isa = PBXVariantGroup;
			children = (
				3EE0E8AA2148966A005A798A /* Base */,
			);
			name = Main.storyboard;
			sourceTree = "<group>";
		};
		3EE0E8AE2148966C005A798A /* LaunchScreen.storyboard */ = {
			isa = PBXVariantGroup;
			children = (
				3EE0E8AF2148966C005A798A /* Base */,
			);
			name = LaunchScreen.storyboard;
			sourceTree = "<group>";
		};
/* End PBXVariantGroup section */

/* Begin XCBuildConfiguration section */
		3EE0E8C82148966C005A798A /* Debug */ = {
			isa = XCBuildConfiguration;
			buildSettings = {
				ALWAYS_SEARCH_USER_PATHS = NO;
				CLANG_ANALYZER_NONNULL = YES;
				CLANG_ANALYZER_NUMBER_OBJECT_CONVERSION = YES_AGGRESSIVE;
				CLANG_CXX_LANGUAGE_STANDARD = "gnu++14";
				CLANG_CXX_LIBRARY = "libc++";
				CLANG_ENABLE_MODULES = YES;
				CLANG_ENABLE_OBJC_ARC = YES;
				CLANG_ENABLE_OBJC_WEAK = YES;
				CLANG_WARN_BLOCK_CAPTURE_AUTORELEASING = YES;
				CLANG_WARN_BOOL_CONVERSION = YES;
				CLANG_WARN_COMMA = YES;
				CLANG_WARN_CONSTANT_CONVERSION = YES;
				CLANG_WARN_DEPRECATED_OBJC_IMPLEMENTATIONS = YES;
				CLANG_WARN_DIRECT_OBJC_ISA_USAGE = YES_ERROR;
				CLANG_WARN_DOCUMENTATION_COMMENTS = YES;
				CLANG_WARN_EMPTY_BODY = YES;
				CLANG_WARN_ENUM_CONVERSION = YES;
				CLANG_WARN_INFINITE_RECURSION = YES;
				CLANG_WARN_INT_CONVERSION = YES;
				CLANG_WARN_NON_LITERAL_NULL_CONVERSION = YES;
				CLANG_WARN_OBJC_IMPLICIT_RETAIN_SELF = YES;
				CLANG_WARN_OBJC_LITERAL_CONVERSION = YES;
				CLANG_WARN_OBJC_ROOT_CLASS = YES_ERROR;
				CLANG_WARN_RANGE_LOOP_ANALYSIS = YES;
				CLANG_WARN_STRICT_PROTOTYPES = YES;
				CLANG_WARN_SUSPICIOUS_MOVE = YES;
				CLANG_WARN_UNGUARDED_AVAILABILITY = YES_AGGRESSIVE;
				CLANG_WARN_UNREACHABLE_CODE = YES;
				CLANG_WARN__DUPLICATE_METHOD_MATCH = YES;
				CODE_SIGN_IDENTITY = "iPhone Developer";
				COPY_PHASE_STRIP = NO;
				DEBUG_INFORMATION_FORMAT = dwarf;
				ENABLE_STRICT_OBJC_MSGSEND = YES;
				ENABLE_TESTABILITY = YES;
				GCC_C_LANGUAGE_STANDARD = gnu11;
				GCC_DYNAMIC_NO_PIC = NO;
				GCC_NO_COMMON_BLOCKS = YES;
				GCC_OPTIMIZATION_LEVEL = 0;
				GCC_PREPROCESSOR_DEFINITIONS = (
					"DEBUG=1",
					"$(inherited)",
				);
				GCC_WARN_64_TO_32_BIT_CONVERSION = YES;
				GCC_WARN_ABOUT_RETURN_TYPE = YES_ERROR;
				GCC_WARN_UNDECLARED_SELECTOR = YES;
				GCC_WARN_UNINITIALIZED_AUTOS = YES_AGGRESSIVE;
				GCC_WARN_UNUSED_FUNCTION = YES;
				GCC_WARN_UNUSED_VARIABLE = YES;
				IPHONEOS_DEPLOYMENT_TARGET = 12.0;
				MTL_ENABLE_DEBUG_INFO = INCLUDE_SOURCE;
				MTL_FAST_MATH = YES;
				ONLY_ACTIVE_ARCH = YES;
				SDKROOT = iphoneos;
				SWIFT_ACTIVE_COMPILATION_CONDITIONS = DEBUG;
				SWIFT_OPTIMIZATION_LEVEL = "-Onone";
			};
			name = Debug;
		};
		3EE0E8C92148966C005A798A /* Release */ = {
			isa = XCBuildConfiguration;
			buildSettings = {
				ALWAYS_SEARCH_USER_PATHS = NO;
				CLANG_ANALYZER_NONNULL = YES;
				CLANG_ANALYZER_NUMBER_OBJECT_CONVERSION = YES_AGGRESSIVE;
				CLANG_CXX_LANGUAGE_STANDARD = "gnu++14";
				CLANG_CXX_LIBRARY = "libc++";
				CLANG_ENABLE_MODULES = YES;
				CLANG_ENABLE_OBJC_ARC = YES;
				CLANG_ENABLE_OBJC_WEAK = YES;
				CLANG_WARN_BLOCK_CAPTURE_AUTORELEASING = YES;
				CLANG_WARN_BOOL_CONVERSION = YES;
				CLANG_WARN_COMMA = YES;
				CLANG_WARN_CONSTANT_CONVERSION = YES;
				CLANG_WARN_DEPRECATED_OBJC_IMPLEMENTATIONS = YES;
				CLANG_WARN_DIRECT_OBJC_ISA_USAGE = YES_ERROR;
				CLANG_WARN_DOCUMENTATION_COMMENTS = YES;
				CLANG_WARN_EMPTY_BODY = YES;
				CLANG_WARN_ENUM_CONVERSION = YES;
				CLANG_WARN_INFINITE_RECURSION = YES;
				CLANG_WARN_INT_CONVERSION = YES;
				CLANG_WARN_NON_LITERAL_NULL_CONVERSION = YES;
				CLANG_WARN_OBJC_IMPLICIT_RETAIN_SELF = YES;
				CLANG_WARN_OBJC_LITERAL_CONVERSION = YES;
				CLANG_WARN_OBJC_ROOT_CLASS = YES_ERROR;
				CLANG_WARN_RANGE_LOOP_ANALYSIS = YES;
				CLANG_WARN_STRICT_PROTOTYPES = YES;
				CLANG_WARN_SUSPICIOUS_MOVE = YES;
				CLANG_WARN_UNGUARDED_AVAILABILITY = YES_AGGRESSIVE;
				CLANG_WARN_UNREACHABLE_CODE = YES;
				CLANG_WARN__DUPLICATE_METHOD_MATCH = YES;
				CODE_SIGN_IDENTITY = "iPhone Developer";
				COPY_PHASE_STRIP = NO;
				DEBUG_INFORMATION_FORMAT = "dwarf-with-dsym";
				ENABLE_NS_ASSERTIONS = NO;
				ENABLE_STRICT_OBJC_MSGSEND = YES;
				GCC_C_LANGUAGE_STANDARD = gnu11;
				GCC_NO_COMMON_BLOCKS = YES;
				GCC_WARN_64_TO_32_BIT_CONVERSION = YES;
				GCC_WARN_ABOUT_RETURN_TYPE = YES_ERROR;
				GCC_WARN_UNDECLARED_SELECTOR = YES;
				GCC_WARN_UNINITIALIZED_AUTOS = YES_AGGRESSIVE;
				GCC_WARN_UNUSED_FUNCTION = YES;
				GCC_WARN_UNUSED_VARIABLE = YES;
				IPHONEOS_DEPLOYMENT_TARGET = 12.0;
				MTL_ENABLE_DEBUG_INFO = NO;
				MTL_FAST_MATH = YES;
				SDKROOT = iphoneos;
				SWIFT_COMPILATION_MODE = wholemodule;
				SWIFT_OPTIMIZATION_LEVEL = "-O";
				VALIDATE_PRODUCT = YES;
			};
			name = Release;
		};
		3EE0E8CB2148966C005A798A /* Debug */ = {
			isa = XCBuildConfiguration;
			buildSettings = {
				ASSETCATALOG_COMPILER_APPICON_NAME = AppIcon;
				CODE_SIGN_STYLE = Automatic;
				DEVELOPMENT_TEAM = CYZA2EE6W8;
				INFOPLIST_FILE = Reflect/Info.plist;
				LD_RUNPATH_SEARCH_PATHS = (
					"$(inherited)",
					"@executable_path/Frameworks",
				);
				PRODUCT_BUNDLE_IDENTIFIER = com.owenhenley.Reflect;
				PRODUCT_NAME = "$(TARGET_NAME)";
				SWIFT_VERSION = 4.2;
				TARGETED_DEVICE_FAMILY = "1,2";
			};
			name = Debug;
		};
		3EE0E8CC2148966C005A798A /* Release */ = {
			isa = XCBuildConfiguration;
			buildSettings = {
				ASSETCATALOG_COMPILER_APPICON_NAME = AppIcon;
				CODE_SIGN_STYLE = Automatic;
				DEVELOPMENT_TEAM = CYZA2EE6W8;
				INFOPLIST_FILE = Reflect/Info.plist;
				LD_RUNPATH_SEARCH_PATHS = (
					"$(inherited)",
					"@executable_path/Frameworks",
				);
				PRODUCT_BUNDLE_IDENTIFIER = com.owenhenley.Reflect;
				PRODUCT_NAME = "$(TARGET_NAME)";
				SWIFT_VERSION = 4.2;
				TARGETED_DEVICE_FAMILY = "1,2";
			};
			name = Release;
		};
		3EE0E8CE2148966C005A798A /* Debug */ = {
			isa = XCBuildConfiguration;
			buildSettings = {
				ALWAYS_EMBED_SWIFT_STANDARD_LIBRARIES = YES;
				BUNDLE_LOADER = "$(TEST_HOST)";
				CODE_SIGN_STYLE = Automatic;
				DEVELOPMENT_TEAM = CYZA2EE6W8;
				INFOPLIST_FILE = ReflectTests/Info.plist;
				LD_RUNPATH_SEARCH_PATHS = (
					"$(inherited)",
					"@executable_path/Frameworks",
					"@loader_path/Frameworks",
				);
				PRODUCT_BUNDLE_IDENTIFIER = com.owenhenley.ReflectTests;
				PRODUCT_NAME = "$(TARGET_NAME)";
				SWIFT_VERSION = 4.2;
				TARGETED_DEVICE_FAMILY = "1,2";
				TEST_HOST = "$(BUILT_PRODUCTS_DIR)/Reflect.app/Reflect";
			};
			name = Debug;
		};
		3EE0E8CF2148966C005A798A /* Release */ = {
			isa = XCBuildConfiguration;
			buildSettings = {
				ALWAYS_EMBED_SWIFT_STANDARD_LIBRARIES = YES;
				BUNDLE_LOADER = "$(TEST_HOST)";
				CODE_SIGN_STYLE = Automatic;
				DEVELOPMENT_TEAM = CYZA2EE6W8;
				INFOPLIST_FILE = ReflectTests/Info.plist;
				LD_RUNPATH_SEARCH_PATHS = (
					"$(inherited)",
					"@executable_path/Frameworks",
					"@loader_path/Frameworks",
				);
				PRODUCT_BUNDLE_IDENTIFIER = com.owenhenley.ReflectTests;
				PRODUCT_NAME = "$(TARGET_NAME)";
				SWIFT_VERSION = 4.2;
				TARGETED_DEVICE_FAMILY = "1,2";
				TEST_HOST = "$(BUILT_PRODUCTS_DIR)/Reflect.app/Reflect";
			};
			name = Release;
		};
		3EE0E8D12148966C005A798A /* Debug */ = {
			isa = XCBuildConfiguration;
			buildSettings = {
				ALWAYS_EMBED_SWIFT_STANDARD_LIBRARIES = YES;
				CODE_SIGN_STYLE = Automatic;
				DEVELOPMENT_TEAM = CYZA2EE6W8;
				INFOPLIST_FILE = ReflectUITests/Info.plist;
				LD_RUNPATH_SEARCH_PATHS = (
					"$(inherited)",
					"@executable_path/Frameworks",
					"@loader_path/Frameworks",
				);
				PRODUCT_BUNDLE_IDENTIFIER = com.owenhenley.ReflectUITests;
				PRODUCT_NAME = "$(TARGET_NAME)";
				SWIFT_VERSION = 4.2;
				TARGETED_DEVICE_FAMILY = "1,2";
				TEST_TARGET_NAME = Reflect;
			};
			name = Debug;
		};
		3EE0E8D22148966C005A798A /* Release */ = {
			isa = XCBuildConfiguration;
			buildSettings = {
				ALWAYS_EMBED_SWIFT_STANDARD_LIBRARIES = YES;
				CODE_SIGN_STYLE = Automatic;
				DEVELOPMENT_TEAM = CYZA2EE6W8;
				INFOPLIST_FILE = ReflectUITests/Info.plist;
				LD_RUNPATH_SEARCH_PATHS = (
					"$(inherited)",
					"@executable_path/Frameworks",
					"@loader_path/Frameworks",
				);
				PRODUCT_BUNDLE_IDENTIFIER = com.owenhenley.ReflectUITests;
				PRODUCT_NAME = "$(TARGET_NAME)";
				SWIFT_VERSION = 4.2;
				TARGETED_DEVICE_FAMILY = "1,2";
				TEST_TARGET_NAME = Reflect;
			};
			name = Release;
		};
/* End XCBuildConfiguration section */

/* Begin XCConfigurationList section */
		3EE0E89D2148966A005A798A /* Build configuration list for PBXProject "Reflect" */ = {
			isa = XCConfigurationList;
			buildConfigurations = (
				3EE0E8C82148966C005A798A /* Debug */,
				3EE0E8C92148966C005A798A /* Release */,
			);
			defaultConfigurationIsVisible = 0;
			defaultConfigurationName = Release;
		};
		3EE0E8CA2148966C005A798A /* Build configuration list for PBXNativeTarget "Reflect" */ = {
			isa = XCConfigurationList;
			buildConfigurations = (
				3EE0E8CB2148966C005A798A /* Debug */,
				3EE0E8CC2148966C005A798A /* Release */,
			);
			defaultConfigurationIsVisible = 0;
			defaultConfigurationName = Release;
		};
		3EE0E8CD2148966C005A798A /* Build configuration list for PBXNativeTarget "ReflectTests" */ = {
			isa = XCConfigurationList;
			buildConfigurations = (
				3EE0E8CE2148966C005A798A /* Debug */,
				3EE0E8CF2148966C005A798A /* Release */,
			);
			defaultConfigurationIsVisible = 0;
			defaultConfigurationName = Release;
		};
		3EE0E8D02148966C005A798A /* Build configuration list for PBXNativeTarget "ReflectUITests" */ = {
			isa = XCConfigurationList;
			buildConfigurations = (
				3EE0E8D12148966C005A798A /* Debug */,
				3EE0E8D22148966C005A798A /* Release */,
			);
			defaultConfigurationIsVisible = 0;
			defaultConfigurationName = Release;
		};
/* End XCConfigurationList section */
	};
	rootObject = 3EE0E89A2148966A005A798A /* Project object */;
}
