// !$*UTF8*$!
{
	archiveVersion = 1;
	classes = {
	};
	objectVersion = 50;
	objects = {

/* Begin PBXBuildFile section */
		1D4CA545E06AB2B1DC76E948 /* Pods_ReflectTests.framework in Frameworks */ = {isa = PBXBuildFile; fileRef = 0DDFC89D3ADF2366BBCE5149 /* Pods_ReflectTests.framework */; };
		3E17255A216AFC1300DF13F4 /* SignUpScreen.storyboard in Resources */ = {isa = PBXBuildFile; fileRef = 3E172559216AFC1300DF13F4 /* SignUpScreen.storyboard */; };
		3E17255E216AFED700DF13F4 /* CustomTabBar.storyboard in Resources */ = {isa = PBXBuildFile; fileRef = 3E17255D216AFED700DF13F4 /* CustomTabBar.storyboard */; };
		3E172560216AFF2200DF13F4 /* PlayMeditation.storyboard in Resources */ = {isa = PBXBuildFile; fileRef = 3E17255F216AFF2200DF13F4 /* PlayMeditation.storyboard */; };
		3E172563216B013B00DF13F4 /* SignUpVC.swift in Sources */ = {isa = PBXBuildFile; fileRef = 3E172562216B013B00DF13F4 /* SignUpVC.swift */; };
		3E172565216B015100DF13F4 /* LoginVC.swift in Sources */ = {isa = PBXBuildFile; fileRef = 3E172564216B015100DF13F4 /* LoginVC.swift */; };
		3E172567216B018700DF13F4 /* PlayMeditationVC.swift in Sources */ = {isa = PBXBuildFile; fileRef = 3E172566216B018700DF13F4 /* PlayMeditationVC.swift */; };
		3E172569216B019800DF13F4 /* ProfileVC.swift in Sources */ = {isa = PBXBuildFile; fileRef = 3E172568216B019800DF13F4 /* ProfileVC.swift */; };
		3E17256F216B080700DF13F4 /* GoogleService-Info.plist in Resources */ = {isa = PBXBuildFile; fileRef = 3E17256E216B080700DF13F4 /* GoogleService-Info.plist */; };
		3E2D03AB2189149C00459252 /* practiceTests.storyboard in Resources */ = {isa = PBXBuildFile; fileRef = 3E2D03AA2189149C00459252 /* practiceTests.storyboard */; };
		3E2D03AD218914BD00459252 /* practiceTestsViewController.swift in Sources */ = {isa = PBXBuildFile; fileRef = 3E2D03AC218914BD00459252 /* practiceTestsViewController.swift */; };
		3E2D03AF2189173C00459252 /* FirebaseStorageHelper.swift in Sources */ = {isa = PBXBuildFile; fileRef = 3E2D03AE2189173C00459252 /* FirebaseStorageHelper.swift */; };
		3E2D03B1218917C100459252 /* Constants.swift in Sources */ = {isa = PBXBuildFile; fileRef = 3E2D03B0218917C100459252 /* Constants.swift */; };
		3E6E03FC2188BE1800123C1D /* PageViewContainer.storyboard in Resources */ = {isa = PBXBuildFile; fileRef = 3E6E03FB2188BE1800123C1D /* PageViewContainer.storyboard */; };
		3EA5CB1A21889793006AB0A6 /* LoginScreen.storyboard in Resources */ = {isa = PBXBuildFile; fileRef = 3EA5CB1921889793006AB0A6 /* LoginScreen.storyboard */; };
		3EC5E9F121879B1300237252 /* User.swift in Sources */ = {isa = PBXBuildFile; fileRef = 3EC5E9F021879B1300237252 /* User.swift */; };
		3EC5E9F321879B1D00237252 /* Meditation.swift in Sources */ = {isa = PBXBuildFile; fileRef = 3EC5E9F221879B1D00237252 /* Meditation.swift */; };
		3EC5E9F521879B2A00237252 /* UserController.swift in Sources */ = {isa = PBXBuildFile; fileRef = 3EC5E9F421879B2A00237252 /* UserController.swift */; };
		3EC5E9F721879B3800237252 /* MeditationController.swift in Sources */ = {isa = PBXBuildFile; fileRef = 3EC5E9F621879B3800237252 /* MeditationController.swift */; };
		3EC5E9FA2187AC3800237252 /* MeditationTableCell.swift in Sources */ = {isa = PBXBuildFile; fileRef = 3EC5E9F82187AC3800237252 /* MeditationTableCell.swift */; };
		3EC5E9FE2187AC6100237252 /* MeditationCollectionCell.swift in Sources */ = {isa = PBXBuildFile; fileRef = 3EC5E9FC2187AC6100237252 /* MeditationCollectionCell.swift */; };
		3EC5EA032187C83500237252 /* CustomTabBar.swift in Sources */ = {isa = PBXBuildFile; fileRef = 3EC5EA022187C83500237252 /* CustomTabBar.swift */; };
		3EC5EA052187C8A500237252 /* MainPageView.swift in Sources */ = {isa = PBXBuildFile; fileRef = 3EC5EA042187C8A500237252 /* MainPageView.swift */; };
		3EC5EA072187C8F100237252 /* MeditationsVC.swift in Sources */ = {isa = PBXBuildFile; fileRef = 3EC5EA062187C8F100237252 /* MeditationsVC.swift */; };
		3EE0E8A62148966A005A798A /* AppDelegate.swift in Sources */ = {isa = PBXBuildFile; fileRef = 3EE0E8A52148966A005A798A /* AppDelegate.swift */; };
		3EE0E8AD2148966C005A798A /* Assets.xcassets in Resources */ = {isa = PBXBuildFile; fileRef = 3EE0E8AC2148966C005A798A /* Assets.xcassets */; };
		3EE0E8B02148966C005A798A /* LaunchScreen.storyboard in Resources */ = {isa = PBXBuildFile; fileRef = 3EE0E8AE2148966C005A798A /* LaunchScreen.storyboard */; };
		3EE0E8BB2148966C005A798A /* ReflectTests.swift in Sources */ = {isa = PBXBuildFile; fileRef = 3EE0E8BA2148966C005A798A /* ReflectTests.swift */; };
		3EE0E8C62148966C005A798A /* ReflectUITests.swift in Sources */ = {isa = PBXBuildFile; fileRef = 3EE0E8C52148966C005A798A /* ReflectUITests.swift */; };
		6023A82292E4D49413997FFC /* Pods_Reflect.framework in Frameworks */ = {isa = PBXBuildFile; fileRef = 1DF6D0E03390DDCC69DC07CC /* Pods_Reflect.framework */; };
		85A188CD0BBE28CCCFECB804 /* Pods_ReflectUITests.framework in Frameworks */ = {isa = PBXBuildFile; fileRef = AB4124C306E38D11EB443C05 /* Pods_ReflectUITests.framework */; };
/* End PBXBuildFile section */

/* Begin PBXContainerItemProxy section */
		3EE0E8B72148966C005A798A /* PBXContainerItemProxy */ = {
			isa = PBXContainerItemProxy;
			containerPortal = 3EE0E89A2148966A005A798A /* Project object */;
			proxyType = 1;
			remoteGlobalIDString = 3EE0E8A12148966A005A798A;
			remoteInfo = Reflect;
		};
		3EE0E8C22148966C005A798A /* PBXContainerItemProxy */ = {
			isa = PBXContainerItemProxy;
			containerPortal = 3EE0E89A2148966A005A798A /* Project object */;
			proxyType = 1;
			remoteGlobalIDString = 3EE0E8A12148966A005A798A;
			remoteInfo = Reflect;
		};
/* End PBXContainerItemProxy section */

/* Begin PBXFileReference section */
		0DDFC89D3ADF2366BBCE5149 /* Pods_ReflectTests.framework */ = {isa = PBXFileReference; explicitFileType = wrapper.framework; includeInIndex = 0; path = Pods_ReflectTests.framework; sourceTree = BUILT_PRODUCTS_DIR; };
		1C692BFDAB0BFDB097D84490 /* Pods-Reflect.debug.xcconfig */ = {isa = PBXFileReference; includeInIndex = 1; lastKnownFileType = text.xcconfig; name = "Pods-Reflect.debug.xcconfig"; path = "Pods/Target Support Files/Pods-Reflect/Pods-Reflect.debug.xcconfig"; sourceTree = "<group>"; };
		1DF6D0E03390DDCC69DC07CC /* Pods_Reflect.framework */ = {isa = PBXFileReference; explicitFileType = wrapper.framework; includeInIndex = 0; path = Pods_Reflect.framework; sourceTree = BUILT_PRODUCTS_DIR; };
		3E172559216AFC1300DF13F4 /* SignUpScreen.storyboard */ = {isa = PBXFileReference; lastKnownFileType = file.storyboard; path = SignUpScreen.storyboard; sourceTree = "<group>"; };
		3E17255D216AFED700DF13F4 /* CustomTabBar.storyboard */ = {isa = PBXFileReference; fileEncoding = 4; lastKnownFileType = file.storyboard; path = CustomTabBar.storyboard; sourceTree = "<group>"; };
		3E17255F216AFF2200DF13F4 /* PlayMeditation.storyboard */ = {isa = PBXFileReference; lastKnownFileType = file.storyboard; path = PlayMeditation.storyboard; sourceTree = "<group>"; };
		3E172562216B013B00DF13F4 /* SignUpVC.swift */ = {isa = PBXFileReference; lastKnownFileType = sourcecode.swift; path = SignUpVC.swift; sourceTree = "<group>"; };
		3E172564216B015100DF13F4 /* LoginVC.swift */ = {isa = PBXFileReference; lastKnownFileType = sourcecode.swift; path = LoginVC.swift; sourceTree = "<group>"; };
		3E172566216B018700DF13F4 /* PlayMeditationVC.swift */ = {isa = PBXFileReference; lastKnownFileType = sourcecode.swift; path = PlayMeditationVC.swift; sourceTree = "<group>"; };
		3E172568216B019800DF13F4 /* ProfileVC.swift */ = {isa = PBXFileReference; lastKnownFileType = sourcecode.swift; path = ProfileVC.swift; sourceTree = "<group>"; };
		3E17256E216B080700DF13F4 /* GoogleService-Info.plist */ = {isa = PBXFileReference; fileEncoding = 4; lastKnownFileType = text.plist.xml; path = "GoogleService-Info.plist"; sourceTree = "<group>"; };
		3E2D03AA2189149C00459252 /* practiceTests.storyboard */ = {isa = PBXFileReference; lastKnownFileType = file.storyboard; path = practiceTests.storyboard; sourceTree = "<group>"; };
		3E2D03AC218914BD00459252 /* practiceTestsViewController.swift */ = {isa = PBXFileReference; lastKnownFileType = sourcecode.swift; path = practiceTestsViewController.swift; sourceTree = "<group>"; };
		3E2D03AE2189173C00459252 /* FirebaseStorageHelper.swift */ = {isa = PBXFileReference; lastKnownFileType = sourcecode.swift; path = FirebaseStorageHelper.swift; sourceTree = "<group>"; };
		3E2D03B0218917C100459252 /* Constants.swift */ = {isa = PBXFileReference; lastKnownFileType = sourcecode.swift; path = Constants.swift; sourceTree = "<group>"; };
		3E6E03FB2188BE1800123C1D /* PageViewContainer.storyboard */ = {isa = PBXFileReference; fileEncoding = 4; lastKnownFileType = file.storyboard; path = PageViewContainer.storyboard; sourceTree = "<group>"; };
		3EA5CB1921889793006AB0A6 /* LoginScreen.storyboard */ = {isa = PBXFileReference; fileEncoding = 4; lastKnownFileType = file.storyboard; path = LoginScreen.storyboard; sourceTree = "<group>"; };
		3EC5E9F021879B1300237252 /* User.swift */ = {isa = PBXFileReference; lastKnownFileType = sourcecode.swift; path = User.swift; sourceTree = "<group>"; };
		3EC5E9F221879B1D00237252 /* Meditation.swift */ = {isa = PBXFileReference; lastKnownFileType = sourcecode.swift; path = Meditation.swift; sourceTree = "<group>"; };
		3EC5E9F421879B2A00237252 /* UserController.swift */ = {isa = PBXFileReference; lastKnownFileType = sourcecode.swift; path = UserController.swift; sourceTree = "<group>"; };
		3EC5E9F621879B3800237252 /* MeditationController.swift */ = {isa = PBXFileReference; lastKnownFileType = sourcecode.swift; path = MeditationController.swift; sourceTree = "<group>"; };
		3EC5E9F82187AC3800237252 /* MeditationTableCell.swift */ = {isa = PBXFileReference; lastKnownFileType = sourcecode.swift; path = MeditationTableCell.swift; sourceTree = "<group>"; };
		3EC5E9FC2187AC6100237252 /* MeditationCollectionCell.swift */ = {isa = PBXFileReference; lastKnownFileType = sourcecode.swift; path = MeditationCollectionCell.swift; sourceTree = "<group>"; };
		3EC5EA022187C83500237252 /* CustomTabBar.swift */ = {isa = PBXFileReference; lastKnownFileType = sourcecode.swift; path = CustomTabBar.swift; sourceTree = "<group>"; };
		3EC5EA042187C8A500237252 /* MainPageView.swift */ = {isa = PBXFileReference; lastKnownFileType = sourcecode.swift; path = MainPageView.swift; sourceTree = "<group>"; };
		3EC5EA062187C8F100237252 /* MeditationsVC.swift */ = {isa = PBXFileReference; lastKnownFileType = sourcecode.swift; path = MeditationsVC.swift; sourceTree = "<group>"; };
		3EE0E8A22148966A005A798A /* Reflect.app */ = {isa = PBXFileReference; explicitFileType = wrapper.application; includeInIndex = 0; path = Reflect.app; sourceTree = BUILT_PRODUCTS_DIR; };
		3EE0E8A52148966A005A798A /* AppDelegate.swift */ = {isa = PBXFileReference; lastKnownFileType = sourcecode.swift; path = AppDelegate.swift; sourceTree = "<group>"; };
		3EE0E8AC2148966C005A798A /* Assets.xcassets */ = {isa = PBXFileReference; lastKnownFileType = folder.assetcatalog; path = Assets.xcassets; sourceTree = "<group>"; };
		3EE0E8AF2148966C005A798A /* Base */ = {isa = PBXFileReference; lastKnownFileType = file.storyboard; name = Base; path = Base.lproj/LaunchScreen.storyboard; sourceTree = "<group>"; };
		3EE0E8B12148966C005A798A /* Info.plist */ = {isa = PBXFileReference; lastKnownFileType = text.plist.xml; path = Info.plist; sourceTree = "<group>"; };
		3EE0E8B62148966C005A798A /* ReflectTests.xctest */ = {isa = PBXFileReference; explicitFileType = wrapper.cfbundle; includeInIndex = 0; path = ReflectTests.xctest; sourceTree = BUILT_PRODUCTS_DIR; };
		3EE0E8BA2148966C005A798A /* ReflectTests.swift */ = {isa = PBXFileReference; lastKnownFileType = sourcecode.swift; path = ReflectTests.swift; sourceTree = "<group>"; };
		3EE0E8BC2148966C005A798A /* Info.plist */ = {isa = PBXFileReference; lastKnownFileType = text.plist.xml; path = Info.plist; sourceTree = "<group>"; };
		3EE0E8C12148966C005A798A /* ReflectUITests.xctest */ = {isa = PBXFileReference; explicitFileType = wrapper.cfbundle; includeInIndex = 0; path = ReflectUITests.xctest; sourceTree = BUILT_PRODUCTS_DIR; };
		3EE0E8C52148966C005A798A /* ReflectUITests.swift */ = {isa = PBXFileReference; lastKnownFileType = sourcecode.swift; path = ReflectUITests.swift; sourceTree = "<group>"; };
		3EE0E8C72148966C005A798A /* Info.plist */ = {isa = PBXFileReference; lastKnownFileType = text.plist.xml; path = Info.plist; sourceTree = "<group>"; };
		4A268AB436AA0146FC64977B /* Pods-ReflectUITests.debug.xcconfig */ = {isa = PBXFileReference; includeInIndex = 1; lastKnownFileType = text.xcconfig; name = "Pods-ReflectUITests.debug.xcconfig"; path = "Pods/Target Support Files/Pods-ReflectUITests/Pods-ReflectUITests.debug.xcconfig"; sourceTree = "<group>"; };
		6C450F753E9AAA49054E113A /* Pods-ReflectUITests.release.xcconfig */ = {isa = PBXFileReference; includeInIndex = 1; lastKnownFileType = text.xcconfig; name = "Pods-ReflectUITests.release.xcconfig"; path = "Pods/Target Support Files/Pods-ReflectUITests/Pods-ReflectUITests.release.xcconfig"; sourceTree = "<group>"; };
		79553B13B5237DA25F234F07 /* Pods-ReflectTests.release.xcconfig */ = {isa = PBXFileReference; includeInIndex = 1; lastKnownFileType = text.xcconfig; name = "Pods-ReflectTests.release.xcconfig"; path = "Pods/Target Support Files/Pods-ReflectTests/Pods-ReflectTests.release.xcconfig"; sourceTree = "<group>"; };
		AB4124C306E38D11EB443C05 /* Pods_ReflectUITests.framework */ = {isa = PBXFileReference; explicitFileType = wrapper.framework; includeInIndex = 0; path = Pods_ReflectUITests.framework; sourceTree = BUILT_PRODUCTS_DIR; };
		AEF7826EC7D7EB10C3B6805C /* Pods-ReflectTests.debug.xcconfig */ = {isa = PBXFileReference; includeInIndex = 1; lastKnownFileType = text.xcconfig; name = "Pods-ReflectTests.debug.xcconfig"; path = "Pods/Target Support Files/Pods-ReflectTests/Pods-ReflectTests.debug.xcconfig"; sourceTree = "<group>"; };
		DE3F1EABC8CBDE4846B2D6A2 /* Pods-Reflect.release.xcconfig */ = {isa = PBXFileReference; includeInIndex = 1; lastKnownFileType = text.xcconfig; name = "Pods-Reflect.release.xcconfig"; path = "Pods/Target Support Files/Pods-Reflect/Pods-Reflect.release.xcconfig"; sourceTree = "<group>"; };
/* End PBXFileReference section */

/* Begin PBXFrameworksBuildPhase section */
		3EE0E89F2148966A005A798A /* Frameworks */ = {
			isa = PBXFrameworksBuildPhase;
			buildActionMask = 2147483647;
			files = (
				6023A82292E4D49413997FFC /* Pods_Reflect.framework in Frameworks */,
			);
			runOnlyForDeploymentPostprocessing = 0;
		};
		3EE0E8B32148966C005A798A /* Frameworks */ = {
			isa = PBXFrameworksBuildPhase;
			buildActionMask = 2147483647;
			files = (
				1D4CA545E06AB2B1DC76E948 /* Pods_ReflectTests.framework in Frameworks */,
			);
			runOnlyForDeploymentPostprocessing = 0;
		};
		3EE0E8BE2148966C005A798A /* Frameworks */ = {
			isa = PBXFrameworksBuildPhase;
			buildActionMask = 2147483647;
			files = (
				85A188CD0BBE28CCCFECB804 /* Pods_ReflectUITests.framework in Frameworks */,
			);
			runOnlyForDeploymentPostprocessing = 0;
		};
/* End PBXFrameworksBuildPhase section */

/* Begin PBXGroup section */
		3E172561216B00AF00DF13F4 /* Storyboards */ = {
			isa = PBXGroup;
			children = (
				3EE0E8AE2148966C005A798A /* LaunchScreen.storyboard */,
				3E17255D216AFED700DF13F4 /* CustomTabBar.storyboard */,
				3E6E03FB2188BE1800123C1D /* PageViewContainer.storyboard */,
				3E17255F216AFF2200DF13F4 /* PlayMeditation.storyboard */,
				3EA5CB1921889793006AB0A6 /* LoginScreen.storyboard */,
				3E172559216AFC1300DF13F4 /* SignUpScreen.storyboard */,
			);
			path = Storyboards;
			sourceTree = "<group>";
		};
		3E6E03FD2188F19600123C1D /* Supporting Files */ = {
			isa = PBXGroup;
			children = (
				3E2D03AE2189173C00459252 /* FirebaseStorageHelper.swift */,
				3E2D03B0218917C100459252 /* Constants.swift */,
			);
			path = "Supporting Files";
			sourceTree = "<group>";
		};
		3EE0E8992148966A005A798A = {
			isa = PBXGroup;
			children = (
				3EE0E8A42148966A005A798A /* Reflect */,
				3EE0E8B92148966C005A798A /* ReflectTests */,
				3EE0E8C42148966C005A798A /* ReflectUITests */,
				3EE0E8A32148966A005A798A /* Products */,
				8F39ECD8490B6FFD4A6B2F92 /* Pods */,
				BEB05E7F5AA1666260BFD395 /* Frameworks */,
			);
			sourceTree = "<group>";
		};
		3EE0E8A32148966A005A798A /* Products */ = {
			isa = PBXGroup;
			children = (
				3EE0E8A22148966A005A798A /* Reflect.app */,
				3EE0E8B62148966C005A798A /* ReflectTests.xctest */,
				3EE0E8C12148966C005A798A /* ReflectUITests.xctest */,
			);
			name = Products;
			sourceTree = "<group>";
		};
		3EE0E8A42148966A005A798A /* Reflect */ = {
			isa = PBXGroup;
			children = (
				3EE0E8DB214898A6005A798A /* Extensions */,
				3EE0E8D3214896BE005A798A /* Models */,
				3EE0E8D5214896D9005A798A /* Controllers */,
				3EE0E8D4214896CB005A798A /* Views */,
				3E6E03FD2188F19600123C1D /* Supporting Files */,
				3EE0E8D921489888005A798A /* Resources */,
			);
			path = Reflect;
			sourceTree = "<group>";
		};
		3EE0E8B92148966C005A798A /* ReflectTests */ = {
			isa = PBXGroup;
			children = (
				3EE0E8BA2148966C005A798A /* ReflectTests.swift */,
				3EE0E8BC2148966C005A798A /* Info.plist */,
			);
			path = ReflectTests;
			sourceTree = "<group>";
		};
		3EE0E8C42148966C005A798A /* ReflectUITests */ = {
			isa = PBXGroup;
			children = (
				3EE0E8C52148966C005A798A /* ReflectUITests.swift */,
				3EE0E8C72148966C005A798A /* Info.plist */,
			);
			path = ReflectUITests;
			sourceTree = "<group>";
		};
		3EE0E8D3214896BE005A798A /* Models */ = {
			isa = PBXGroup;
			children = (
				3EC5E9F021879B1300237252 /* User.swift */,
				3EC5E9F221879B1D00237252 /* Meditation.swift */,
			);
			path = Models;
			sourceTree = "<group>";
		};
		3EE0E8D4214896CB005A798A /* Views */ = {
			isa = PBXGroup;
			children = (
				3E172561216B00AF00DF13F4 /* Storyboards */,
				3EE0E8D6214896E6005A798A /* Custom Views */,
			);
			path = Views;
			sourceTree = "<group>";
		};
		3EE0E8D5214896D9005A798A /* Controllers */ = {
			isa = PBXGroup;
			children = (
				3EE0E8D8214896FC005A798A /* Model Controllers */,
				3EE0E8D7214896ED005A798A /* View Controllers */,
			);
			path = Controllers;
			sourceTree = "<group>";
		};
		3EE0E8D6214896E6005A798A /* Custom Views */ = {
			isa = PBXGroup;
			children = (
				3EC5E9F82187AC3800237252 /* MeditationTableCell.swift */,
				3EC5E9FC2187AC6100237252 /* MeditationCollectionCell.swift */,
			);
			path = "Custom Views";
			sourceTree = "<group>";
		};
		3EE0E8D7214896ED005A798A /* View Controllers */ = {
			isa = PBXGroup;
			children = (
				3EC5EA022187C83500237252 /* CustomTabBar.swift */,
				3EC5EA042187C8A500237252 /* MainPageView.swift */,
				3EC5EA062187C8F100237252 /* MeditationsVC.swift */,
				3E172568216B019800DF13F4 /* ProfileVC.swift */,
				3E172566216B018700DF13F4 /* PlayMeditationVC.swift */,
				3E172562216B013B00DF13F4 /* SignUpVC.swift */,
				3E172564216B015100DF13F4 /* LoginVC.swift */,
			);
			path = "View Controllers";
			sourceTree = "<group>";
		};
		3EE0E8D8214896FC005A798A /* Model Controllers */ = {
			isa = PBXGroup;
			children = (
				3EC5E9F421879B2A00237252 /* UserController.swift */,
				3EC5E9F621879B3800237252 /* MeditationController.swift */,
			);
			path = "Model Controllers";
			sourceTree = "<group>";
		};
		3EE0E8D921489888005A798A /* Resources */ = {
			isa = PBXGroup;
			children = (
				3E2D03AA2189149C00459252 /* practiceTests.storyboard */,
				3E2D03AC218914BD00459252 /* practiceTestsViewController.swift */,
				3EE0E8AC2148966C005A798A /* Assets.xcassets */,
				3EE0E8A52148966A005A798A /* AppDelegate.swift */,
				3EE0E8B12148966C005A798A /* Info.plist */,
				3E17256E216B080700DF13F4 /* GoogleService-Info.plist */,
			);
			path = Resources;
			sourceTree = "<group>";
		};
		3EE0E8DB214898A6005A798A /* Extensions */ = {
			isa = PBXGroup;
			children = (
			);
			path = Extensions;
			sourceTree = "<group>";
		};
		8F39ECD8490B6FFD4A6B2F92 /* Pods */ = {
			isa = PBXGroup;
			children = (
				1C692BFDAB0BFDB097D84490 /* Pods-Reflect.debug.xcconfig */,
				DE3F1EABC8CBDE4846B2D6A2 /* Pods-Reflect.release.xcconfig */,
				AEF7826EC7D7EB10C3B6805C /* Pods-ReflectTests.debug.xcconfig */,
				79553B13B5237DA25F234F07 /* Pods-ReflectTests.release.xcconfig */,
				4A268AB436AA0146FC64977B /* Pods-ReflectUITests.debug.xcconfig */,
				6C450F753E9AAA49054E113A /* Pods-ReflectUITests.release.xcconfig */,
			);
			name = Pods;
			sourceTree = "<group>";
		};
		BEB05E7F5AA1666260BFD395 /* Frameworks */ = {
			isa = PBXGroup;
			children = (
				1DF6D0E03390DDCC69DC07CC /* Pods_Reflect.framework */,
				0DDFC89D3ADF2366BBCE5149 /* Pods_ReflectTests.framework */,
				AB4124C306E38D11EB443C05 /* Pods_ReflectUITests.framework */,
			);
			name = Frameworks;
			sourceTree = "<group>";
		};
/* End PBXGroup section */

/* Begin PBXNativeTarget section */
		3EE0E8A12148966A005A798A /* Reflect */ = {
			isa = PBXNativeTarget;
			buildConfigurationList = 3EE0E8CA2148966C005A798A /* Build configuration list for PBXNativeTarget "Reflect" */;
			buildPhases = (
				F017B57CAC924CE7B89FC126 /* [CP] Check Pods Manifest.lock */,
				3EE0E89E2148966A005A798A /* Sources */,
				3EE0E89F2148966A005A798A /* Frameworks */,
				3EE0E8A02148966A005A798A /* Resources */,
				40EC22F3AF8F65B14EDE0D37 /* [CP] Embed Pods Frameworks */,
				3E3A3692215B3BDC004B14FB /* Build Number */,
			);
			buildRules = (
			);
			dependencies = (
			);
			name = Reflect;
			productName = Reflect;
			productReference = 3EE0E8A22148966A005A798A /* Reflect.app */;
			productType = "com.apple.product-type.application";
		};
		3EE0E8B52148966C005A798A /* ReflectTests */ = {
			isa = PBXNativeTarget;
			buildConfigurationList = 3EE0E8CD2148966C005A798A /* Build configuration list for PBXNativeTarget "ReflectTests" */;
			buildPhases = (
				F60980B7EB4189AEE183957A /* [CP] Check Pods Manifest.lock */,
				3EE0E8B22148966C005A798A /* Sources */,
				3EE0E8B32148966C005A798A /* Frameworks */,
				3EE0E8B42148966C005A798A /* Resources */,
			);
			buildRules = (
			);
			dependencies = (
				3EE0E8B82148966C005A798A /* PBXTargetDependency */,
			);
			name = ReflectTests;
			productName = ReflectTests;
			productReference = 3EE0E8B62148966C005A798A /* ReflectTests.xctest */;
			productType = "com.apple.product-type.bundle.unit-test";
		};
		3EE0E8C02148966C005A798A /* ReflectUITests */ = {
			isa = PBXNativeTarget;
			buildConfigurationList = 3EE0E8D02148966C005A798A /* Build configuration list for PBXNativeTarget "ReflectUITests" */;
			buildPhases = (
				BF3039C3123ADDE58B5C4EE2 /* [CP] Check Pods Manifest.lock */,
				3EE0E8BD2148966C005A798A /* Sources */,
				3EE0E8BE2148966C005A798A /* Frameworks */,
				3EE0E8BF2148966C005A798A /* Resources */,
			);
			buildRules = (
			);
			dependencies = (
				3EE0E8C32148966C005A798A /* PBXTargetDependency */,
			);
			name = ReflectUITests;
			productName = ReflectUITests;
			productReference = 3EE0E8C12148966C005A798A /* ReflectUITests.xctest */;
			productType = "com.apple.product-type.bundle.ui-testing";
		};
/* End PBXNativeTarget section */

/* Begin PBXProject section */
		3EE0E89A2148966A005A798A /* Project object */ = {
			isa = PBXProject;
			attributes = {
				LastSwiftUpdateCheck = 1000;
				LastUpgradeCheck = 1000;
				ORGANIZATIONNAME = "Owen Henley";
				TargetAttributes = {
					3EE0E8A12148966A005A798A = {
						CreatedOnToolsVersion = 10.0;
						SystemCapabilities = {
							com.apple.BackgroundModes = {
								enabled = 1;
							};
						};
					};
					3EE0E8B52148966C005A798A = {
						CreatedOnToolsVersion = 10.0;
						TestTargetID = 3EE0E8A12148966A005A798A;
					};
					3EE0E8C02148966C005A798A = {
						CreatedOnToolsVersion = 10.0;
						TestTargetID = 3EE0E8A12148966A005A798A;
					};
				};
			};
			buildConfigurationList = 3EE0E89D2148966A005A798A /* Build configuration list for PBXProject "Reflect" */;
			compatibilityVersion = "Xcode 9.3";
			developmentRegion = en;
			hasScannedForEncodings = 0;
			knownRegions = (
				en,
				Base,
			);
			mainGroup = 3EE0E8992148966A005A798A;
			productRefGroup = 3EE0E8A32148966A005A798A /* Products */;
			projectDirPath = "";
			projectRoot = "";
			targets = (
				3EE0E8A12148966A005A798A /* Reflect */,
				3EE0E8B52148966C005A798A /* ReflectTests */,
				3EE0E8C02148966C005A798A /* ReflectUITests */,
			);
		};
/* End PBXProject section */

/* Begin PBXResourcesBuildPhase section */
		3EE0E8A02148966A005A798A /* Resources */ = {
			isa = PBXResourcesBuildPhase;
			buildActionMask = 2147483647;
			files = (
				3E17255A216AFC1300DF13F4 /* SignUpScreen.storyboard in Resources */,
				3E17256F216B080700DF13F4 /* GoogleService-Info.plist in Resources */,
				3EE0E8B02148966C005A798A /* LaunchScreen.storyboard in Resources */,
				3EA5CB1A21889793006AB0A6 /* LoginScreen.storyboard in Resources */,
				3EE0E8AD2148966C005A798A /* Assets.xcassets in Resources */,
				3E172560216AFF2200DF13F4 /* PlayMeditation.storyboard in Resources */,
				3E6E03FC2188BE1800123C1D /* PageViewContainer.storyboard in Resources */,
				3E2D03AB2189149C00459252 /* practiceTests.storyboard in Resources */,
				3E17255E216AFED700DF13F4 /* CustomTabBar.storyboard in Resources */,
			);
			runOnlyForDeploymentPostprocessing = 0;
		};
		3EE0E8B42148966C005A798A /* Resources */ = {
			isa = PBXResourcesBuildPhase;
			buildActionMask = 2147483647;
			files = (
			);
			runOnlyForDeploymentPostprocessing = 0;
		};
		3EE0E8BF2148966C005A798A /* Resources */ = {
			isa = PBXResourcesBuildPhase;
			buildActionMask = 2147483647;
			files = (
			);
			runOnlyForDeploymentPostprocessing = 0;
		};
/* End PBXResourcesBuildPhase section */

/* Begin PBXShellScriptBuildPhase section */
		3E3A3692215B3BDC004B14FB /* Build Number */ = {
			isa = PBXShellScriptBuildPhase;
			buildActionMask = 2147483647;
			files = (
			);
			inputFileListPaths = (
			);
			inputPaths = (
			);
			name = "Build Number";
			outputFileListPaths = (
			);
			outputPaths = (
			);
			runOnlyForDeploymentPostprocessing = 0;
			shellPath = /bin/sh;
			shellScript = "buildNumber=$(/usr/libexec/PlistBuddy -c \"Print CFBundleVersion\" \"$INFOPLIST_FILE\")\nbuildNumber=$(($buildNumber + 1))\n/usr/libexec/PlistBuddy -c \"Set :CFBundleVersion $buildNumber\" \"$INFOPLIST_FILE\"\n";
		};
		40EC22F3AF8F65B14EDE0D37 /* [CP] Embed Pods Frameworks */ = {
			isa = PBXShellScriptBuildPhase;
			buildActionMask = 2147483647;
			files = (
			);
			inputFileListPaths = (
			);
			inputPaths = (
				"${PODS_ROOT}/Target Support Files/Pods-Reflect/Pods-Reflect-frameworks.sh",
				"${BUILT_PRODUCTS_DIR}/BoringSSL/openssl.framework",
				"${BUILT_PRODUCTS_DIR}/GTMSessionFetcher/GTMSessionFetcher.framework",
				"${BUILT_PRODUCTS_DIR}/GoogleUtilities/GoogleUtilities.framework",
				"${BUILT_PRODUCTS_DIR}/Protobuf/Protobuf.framework",
				"${BUILT_PRODUCTS_DIR}/SDWebImage/SDWebImage.framework",
				"${BUILT_PRODUCTS_DIR}/SVProgressHUD/SVProgressHUD.framework",
				"${BUILT_PRODUCTS_DIR}/gRPC/GRPCClient.framework",
				"${BUILT_PRODUCTS_DIR}/gRPC-C++/grpcpp.framework",
				"${BUILT_PRODUCTS_DIR}/gRPC-Core/grpc.framework",
				"${BUILT_PRODUCTS_DIR}/gRPC-ProtoRPC/ProtoRPC.framework",
				"${BUILT_PRODUCTS_DIR}/gRPC-RxLibrary/RxLibrary.framework",
				"${BUILT_PRODUCTS_DIR}/leveldb-library/leveldb.framework",
				"${BUILT_PRODUCTS_DIR}/nanopb/nanopb.framework",
			);
			name = "[CP] Embed Pods Frameworks";
			outputFileListPaths = (
			);
			outputPaths = (
				"${TARGET_BUILD_DIR}/${FRAMEWORKS_FOLDER_PATH}/openssl.framework",
				"${TARGET_BUILD_DIR}/${FRAMEWORKS_FOLDER_PATH}/GTMSessionFetcher.framework",
				"${TARGET_BUILD_DIR}/${FRAMEWORKS_FOLDER_PATH}/GoogleUtilities.framework",
				"${TARGET_BUILD_DIR}/${FRAMEWORKS_FOLDER_PATH}/Protobuf.framework",
				"${TARGET_BUILD_DIR}/${FRAMEWORKS_FOLDER_PATH}/SDWebImage.framework",
				"${TARGET_BUILD_DIR}/${FRAMEWORKS_FOLDER_PATH}/SVProgressHUD.framework",
				"${TARGET_BUILD_DIR}/${FRAMEWORKS_FOLDER_PATH}/GRPCClient.framework",
				"${TARGET_BUILD_DIR}/${FRAMEWORKS_FOLDER_PATH}/grpcpp.framework",
				"${TARGET_BUILD_DIR}/${FRAMEWORKS_FOLDER_PATH}/grpc.framework",
				"${TARGET_BUILD_DIR}/${FRAMEWORKS_FOLDER_PATH}/ProtoRPC.framework",
				"${TARGET_BUILD_DIR}/${FRAMEWORKS_FOLDER_PATH}/RxLibrary.framework",
				"${TARGET_BUILD_DIR}/${FRAMEWORKS_FOLDER_PATH}/leveldb.framework",
				"${TARGET_BUILD_DIR}/${FRAMEWORKS_FOLDER_PATH}/nanopb.framework",
			);
			runOnlyForDeploymentPostprocessing = 0;
			shellPath = /bin/sh;
			shellScript = "\"${PODS_ROOT}/Target Support Files/Pods-Reflect/Pods-Reflect-frameworks.sh\"\n";
			showEnvVarsInLog = 0;
		};
		BF3039C3123ADDE58B5C4EE2 /* [CP] Check Pods Manifest.lock */ = {
			isa = PBXShellScriptBuildPhase;
			buildActionMask = 2147483647;
			files = (
			);
			inputFileListPaths = (
			);
			inputPaths = (
				"${PODS_PODFILE_DIR_PATH}/Podfile.lock",
				"${PODS_ROOT}/Manifest.lock",
			);
			name = "[CP] Check Pods Manifest.lock";
			outputFileListPaths = (
			);
			outputPaths = (
				"$(DERIVED_FILE_DIR)/Pods-ReflectUITests-checkManifestLockResult.txt",
			);
			runOnlyForDeploymentPostprocessing = 0;
			shellPath = /bin/sh;
			shellScript = "diff \"${PODS_PODFILE_DIR_PATH}/Podfile.lock\" \"${PODS_ROOT}/Manifest.lock\" > /dev/null\nif [ $? != 0 ] ; then\n    # print error to STDERR\n    echo \"error: The sandbox is not in sync with the Podfile.lock. Run 'pod install' or update your CocoaPods installation.\" >&2\n    exit 1\nfi\n# This output is used by Xcode 'outputs' to avoid re-running this script phase.\necho \"SUCCESS\" > \"${SCRIPT_OUTPUT_FILE_0}\"\n";
			showEnvVarsInLog = 0;
		};
		F017B57CAC924CE7B89FC126 /* [CP] Check Pods Manifest.lock */ = {
			isa = PBXShellScriptBuildPhase;
			buildActionMask = 2147483647;
			files = (
			);
			inputFileListPaths = (
			);
			inputPaths = (
				"${PODS_PODFILE_DIR_PATH}/Podfile.lock",
				"${PODS_ROOT}/Manifest.lock",
			);
			name = "[CP] Check Pods Manifest.lock";
			outputFileListPaths = (
			);
			outputPaths = (
				"$(DERIVED_FILE_DIR)/Pods-Reflect-checkManifestLockResult.txt",
			);
			runOnlyForDeploymentPostprocessing = 0;
			shellPath = /bin/sh;
			shellScript = "diff \"${PODS_PODFILE_DIR_PATH}/Podfile.lock\" \"${PODS_ROOT}/Manifest.lock\" > /dev/null\nif [ $? != 0 ] ; then\n    # print error to STDERR\n    echo \"error: The sandbox is not in sync with the Podfile.lock. Run 'pod install' or update your CocoaPods installation.\" >&2\n    exit 1\nfi\n# This output is used by Xcode 'outputs' to avoid re-running this script phase.\necho \"SUCCESS\" > \"${SCRIPT_OUTPUT_FILE_0}\"\n";
			showEnvVarsInLog = 0;
		};
		F60980B7EB4189AEE183957A /* [CP] Check Pods Manifest.lock */ = {
			isa = PBXShellScriptBuildPhase;
			buildActionMask = 2147483647;
			files = (
			);
			inputFileListPaths = (
			);
			inputPaths = (
				"${PODS_PODFILE_DIR_PATH}/Podfile.lock",
				"${PODS_ROOT}/Manifest.lock",
			);
			name = "[CP] Check Pods Manifest.lock";
			outputFileListPaths = (
			);
			outputPaths = (
				"$(DERIVED_FILE_DIR)/Pods-ReflectTests-checkManifestLockResult.txt",
			);
			runOnlyForDeploymentPostprocessing = 0;
			shellPath = /bin/sh;
			shellScript = "diff \"${PODS_PODFILE_DIR_PATH}/Podfile.lock\" \"${PODS_ROOT}/Manifest.lock\" > /dev/null\nif [ $? != 0 ] ; then\n    # print error to STDERR\n    echo \"error: The sandbox is not in sync with the Podfile.lock. Run 'pod install' or update your CocoaPods installation.\" >&2\n    exit 1\nfi\n# This output is used by Xcode 'outputs' to avoid re-running this script phase.\necho \"SUCCESS\" > \"${SCRIPT_OUTPUT_FILE_0}\"\n";
			showEnvVarsInLog = 0;
		};
/* End PBXShellScriptBuildPhase section */

/* Begin PBXSourcesBuildPhase section */
		3EE0E89E2148966A005A798A /* Sources */ = {
			isa = PBXSourcesBuildPhase;
			buildActionMask = 2147483647;
			files = (
				3EC5E9F521879B2A00237252 /* UserController.swift in Sources */,
				3E2D03B1218917C100459252 /* Constants.swift in Sources */,
				3EC5E9FE2187AC6100237252 /* MeditationCollectionCell.swift in Sources */,
				3E172569216B019800DF13F4 /* ProfileVC.swift in Sources */,
				3EC5E9F321879B1D00237252 /* Meditation.swift in Sources */,
				3EC5EA032187C83500237252 /* CustomTabBar.swift in Sources */,
				3E2D03AD218914BD00459252 /* practiceTestsViewController.swift in Sources */,
				3E172563216B013B00DF13F4 /* SignUpVC.swift in Sources */,
				3EC5E9FA2187AC3800237252 /* MeditationTableCell.swift in Sources */,
				3EC5E9F121879B1300237252 /* User.swift in Sources */,
				3EC5E9F721879B3800237252 /* MeditationController.swift in Sources */,
				3EE0E8A62148966A005A798A /* AppDelegate.swift in Sources */,
				3EC5EA072187C8F100237252 /* MeditationsVC.swift in Sources */,
				3E2D03AF2189173C00459252 /* FirebaseStorageHelper.swift in Sources */,
				3E172567216B018700DF13F4 /* PlayMeditationVC.swift in Sources */,
				3E172565216B015100DF13F4 /* LoginVC.swift in Sources */,
				3EC5EA052187C8A500237252 /* MainPageView.swift in Sources */,
			);
			runOnlyForDeploymentPostprocessing = 0;
		};
		3EE0E8B22148966C005A798A /* Sources */ = {
			isa = PBXSourcesBuildPhase;
			buildActionMask = 2147483647;
			files = (
				3EE0E8BB2148966C005A798A /* ReflectTests.swift in Sources */,
			);
			runOnlyForDeploymentPostprocessing = 0;
		};
		3EE0E8BD2148966C005A798A /* Sources */ = {
			isa = PBXSourcesBuildPhase;
			buildActionMask = 2147483647;
			files = (
				3EE0E8C62148966C005A798A /* ReflectUITests.swift in Sources */,
			);
			runOnlyForDeploymentPostprocessing = 0;
		};
/* End PBXSourcesBuildPhase section */

/* Begin PBXTargetDependency section */
		3EE0E8B82148966C005A798A /* PBXTargetDependency */ = {
			isa = PBXTargetDependency;
			target = 3EE0E8A12148966A005A798A /* Reflect */;
			targetProxy = 3EE0E8B72148966C005A798A /* PBXContainerItemProxy */;
		};
		3EE0E8C32148966C005A798A /* PBXTargetDependency */ = {
			isa = PBXTargetDependency;
			target = 3EE0E8A12148966A005A798A /* Reflect */;
			targetProxy = 3EE0E8C22148966C005A798A /* PBXContainerItemProxy */;
		};
/* End PBXTargetDependency section */

/* Begin PBXVariantGroup section */
		3EE0E8AE2148966C005A798A /* LaunchScreen.storyboard */ = {
			isa = PBXVariantGroup;
			children = (
				3EE0E8AF2148966C005A798A /* Base */,
			);
			name = LaunchScreen.storyboard;
			sourceTree = "<group>";
		};
/* End PBXVariantGroup section */

/* Begin XCBuildConfiguration section */
		3EE0E8C82148966C005A798A /* Debug */ = {
			isa = XCBuildConfiguration;
			buildSettings = {
				ALWAYS_SEARCH_USER_PATHS = NO;
				CLANG_ANALYZER_NONNULL = YES;
				CLANG_ANALYZER_NUMBER_OBJECT_CONVERSION = YES_AGGRESSIVE;
				CLANG_CXX_LANGUAGE_STANDARD = "gnu++14";
				CLANG_CXX_LIBRARY = "libc++";
				CLANG_ENABLE_MODULES = YES;
				CLANG_ENABLE_OBJC_ARC = YES;
				CLANG_ENABLE_OBJC_WEAK = YES;
				CLANG_WARN_BLOCK_CAPTURE_AUTORELEASING = YES;
				CLANG_WARN_BOOL_CONVERSION = YES;
				CLANG_WARN_COMMA = YES;
				CLANG_WARN_CONSTANT_CONVERSION = YES;
				CLANG_WARN_DEPRECATED_OBJC_IMPLEMENTATIONS = YES;
				CLANG_WARN_DIRECT_OBJC_ISA_USAGE = YES_ERROR;
				CLANG_WARN_DOCUMENTATION_COMMENTS = YES;
				CLANG_WARN_EMPTY_BODY = YES;
				CLANG_WARN_ENUM_CONVERSION = YES;
				CLANG_WARN_INFINITE_RECURSION = YES;
				CLANG_WARN_INT_CONVERSION = YES;
				CLANG_WARN_NON_LITERAL_NULL_CONVERSION = YES;
				CLANG_WARN_OBJC_IMPLICIT_RETAIN_SELF = YES;
				CLANG_WARN_OBJC_LITERAL_CONVERSION = YES;
				CLANG_WARN_OBJC_ROOT_CLASS = YES_ERROR;
				CLANG_WARN_RANGE_LOOP_ANALYSIS = YES;
				CLANG_WARN_STRICT_PROTOTYPES = YES;
				CLANG_WARN_SUSPICIOUS_MOVE = YES;
				CLANG_WARN_UNGUARDED_AVAILABILITY = YES_AGGRESSIVE;
				CLANG_WARN_UNREACHABLE_CODE = YES;
				CLANG_WARN__DUPLICATE_METHOD_MATCH = YES;
				CODE_SIGN_IDENTITY = "iPhone Developer";
				COPY_PHASE_STRIP = NO;
				DEBUG_INFORMATION_FORMAT = dwarf;
				ENABLE_STRICT_OBJC_MSGSEND = YES;
				ENABLE_TESTABILITY = YES;
				GCC_C_LANGUAGE_STANDARD = gnu11;
				GCC_DYNAMIC_NO_PIC = NO;
				GCC_NO_COMMON_BLOCKS = YES;
				GCC_OPTIMIZATION_LEVEL = 0;
				GCC_PREPROCESSOR_DEFINITIONS = (
					"DEBUG=1",
					"$(inherited)",
				);
				GCC_WARN_64_TO_32_BIT_CONVERSION = YES;
				GCC_WARN_ABOUT_RETURN_TYPE = YES_ERROR;
				GCC_WARN_UNDECLARED_SELECTOR = YES;
				GCC_WARN_UNINITIALIZED_AUTOS = YES_AGGRESSIVE;
				GCC_WARN_UNUSED_FUNCTION = YES;
				GCC_WARN_UNUSED_VARIABLE = YES;
				IPHONEOS_DEPLOYMENT_TARGET = 12.0;
				MTL_ENABLE_DEBUG_INFO = INCLUDE_SOURCE;
				MTL_FAST_MATH = YES;
				ONLY_ACTIVE_ARCH = YES;
				SDKROOT = iphoneos;
				SWIFT_ACTIVE_COMPILATION_CONDITIONS = DEBUG;
				SWIFT_OPTIMIZATION_LEVEL = "-Onone";
			};
			name = Debug;
		};
		3EE0E8C92148966C005A798A /* Release */ = {
			isa = XCBuildConfiguration;
			buildSettings = {
				ALWAYS_SEARCH_USER_PATHS = NO;
				CLANG_ANALYZER_NONNULL = YES;
				CLANG_ANALYZER_NUMBER_OBJECT_CONVERSION = YES_AGGRESSIVE;
				CLANG_CXX_LANGUAGE_STANDARD = "gnu++14";
				CLANG_CXX_LIBRARY = "libc++";
				CLANG_ENABLE_MODULES = YES;
				CLANG_ENABLE_OBJC_ARC = YES;
				CLANG_ENABLE_OBJC_WEAK = YES;
				CLANG_WARN_BLOCK_CAPTURE_AUTORELEASING = YES;
				CLANG_WARN_BOOL_CONVERSION = YES;
				CLANG_WARN_COMMA = YES;
				CLANG_WARN_CONSTANT_CONVERSION = YES;
				CLANG_WARN_DEPRECATED_OBJC_IMPLEMENTATIONS = YES;
				CLANG_WARN_DIRECT_OBJC_ISA_USAGE = YES_ERROR;
				CLANG_WARN_DOCUMENTATION_COMMENTS = YES;
				CLANG_WARN_EMPTY_BODY = YES;
				CLANG_WARN_ENUM_CONVERSION = YES;
				CLANG_WARN_INFINITE_RECURSION = YES;
				CLANG_WARN_INT_CONVERSION = YES;
				CLANG_WARN_NON_LITERAL_NULL_CONVERSION = YES;
				CLANG_WARN_OBJC_IMPLICIT_RETAIN_SELF = YES;
				CLANG_WARN_OBJC_LITERAL_CONVERSION = YES;
				CLANG_WARN_OBJC_ROOT_CLASS = YES_ERROR;
				CLANG_WARN_RANGE_LOOP_ANALYSIS = YES;
				CLANG_WARN_STRICT_PROTOTYPES = YES;
				CLANG_WARN_SUSPICIOUS_MOVE = YES;
				CLANG_WARN_UNGUARDED_AVAILABILITY = YES_AGGRESSIVE;
				CLANG_WARN_UNREACHABLE_CODE = YES;
				CLANG_WARN__DUPLICATE_METHOD_MATCH = YES;
				CODE_SIGN_IDENTITY = "iPhone Developer";
				COPY_PHASE_STRIP = NO;
				DEBUG_INFORMATION_FORMAT = "dwarf-with-dsym";
				ENABLE_NS_ASSERTIONS = NO;
				ENABLE_STRICT_OBJC_MSGSEND = YES;
				GCC_C_LANGUAGE_STANDARD = gnu11;
				GCC_NO_COMMON_BLOCKS = YES;
				GCC_WARN_64_TO_32_BIT_CONVERSION = YES;
				GCC_WARN_ABOUT_RETURN_TYPE = YES_ERROR;
				GCC_WARN_UNDECLARED_SELECTOR = YES;
				GCC_WARN_UNINITIALIZED_AUTOS = YES_AGGRESSIVE;
				GCC_WARN_UNUSED_FUNCTION = YES;
				GCC_WARN_UNUSED_VARIABLE = YES;
				IPHONEOS_DEPLOYMENT_TARGET = 12.0;
				MTL_ENABLE_DEBUG_INFO = NO;
				MTL_FAST_MATH = YES;
				SDKROOT = iphoneos;
				SWIFT_COMPILATION_MODE = wholemodule;
				SWIFT_OPTIMIZATION_LEVEL = "-O";
				VALIDATE_PRODUCT = YES;
			};
			name = Release;
		};
		3EE0E8CB2148966C005A798A /* Debug */ = {
			isa = XCBuildConfiguration;
			baseConfigurationReference = 1C692BFDAB0BFDB097D84490 /* Pods-Reflect.debug.xcconfig */;
			buildSettings = {
				ASSETCATALOG_COMPILER_APPICON_NAME = AppIcon;
				CODE_SIGN_IDENTITY = "iPhone Developer";
				CODE_SIGN_STYLE = Automatic;
				DEVELOPMENT_TEAM = CYZA2EE6W8;
				INFOPLIST_FILE = "$(SRCROOT)/Reflect/Resources/Info.plist";
				LD_RUNPATH_SEARCH_PATHS = (
					"$(inherited)",
					"@executable_path/Frameworks",
				);
				PRODUCT_BUNDLE_IDENTIFIER = io.owenhenley.reflect;
				PRODUCT_NAME = "$(TARGET_NAME)";
				PROVISIONING_PROFILE_SPECIFIER = "";
				SWIFT_VERSION = 4.2;
				TARGETED_DEVICE_FAMILY = "1,2";
			};
			name = Debug;
		};
		3EE0E8CC2148966C005A798A /* Release */ = {
			isa = XCBuildConfiguration;
			baseConfigurationReference = DE3F1EABC8CBDE4846B2D6A2 /* Pods-Reflect.release.xcconfig */;
			buildSettings = {
				ASSETCATALOG_COMPILER_APPICON_NAME = AppIcon;
				CODE_SIGN_IDENTITY = "iPhone Developer";
				CODE_SIGN_STYLE = Automatic;
				DEVELOPMENT_TEAM = CYZA2EE6W8;
				INFOPLIST_FILE = "$(SRCROOT)/Reflect/Resources/Info.plist";
				LD_RUNPATH_SEARCH_PATHS = (
					"$(inherited)",
					"@executable_path/Frameworks",
				);
				PRODUCT_BUNDLE_IDENTIFIER = io.owenhenley.reflect;
				PRODUCT_NAME = "$(TARGET_NAME)";
				PROVISIONING_PROFILE_SPECIFIER = "";
				SWIFT_VERSION = 4.2;
				TARGETED_DEVICE_FAMILY = "1,2";
			};
			name = Release;
		};
		3EE0E8CE2148966C005A798A /* Debug */ = {
			isa = XCBuildConfiguration;
			baseConfigurationReference = AEF7826EC7D7EB10C3B6805C /* Pods-ReflectTests.debug.xcconfig */;
			buildSettings = {
				ALWAYS_EMBED_SWIFT_STANDARD_LIBRARIES = YES;
				BUNDLE_LOADER = "$(TEST_HOST)";
				CODE_SIGN_STYLE = Automatic;
				DEVELOPMENT_TEAM = CYZA2EE6W8;
				INFOPLIST_FILE = ReflectTests/Info.plist;
				LD_RUNPATH_SEARCH_PATHS = (
					"$(inherited)",
					"@executable_path/Frameworks",
					"@loader_path/Frameworks",
				);
				PRODUCT_BUNDLE_IDENTIFIER = com.owenhenley.ReflectTests;
				PRODUCT_NAME = "$(TARGET_NAME)";
				SWIFT_VERSION = 4.2;
				TARGETED_DEVICE_FAMILY = "1,2";
				TEST_HOST = "$(BUILT_PRODUCTS_DIR)/Reflect.app/Reflect";
			};
			name = Debug;
		};
		3EE0E8CF2148966C005A798A /* Release */ = {
			isa = XCBuildConfiguration;
			baseConfigurationReference = 79553B13B5237DA25F234F07 /* Pods-ReflectTests.release.xcconfig */;
			buildSettings = {
				ALWAYS_EMBED_SWIFT_STANDARD_LIBRARIES = YES;
				BUNDLE_LOADER = "$(TEST_HOST)";
				CODE_SIGN_STYLE = Automatic;
				DEVELOPMENT_TEAM = CYZA2EE6W8;
				INFOPLIST_FILE = ReflectTests/Info.plist;
				LD_RUNPATH_SEARCH_PATHS = (
					"$(inherited)",
					"@executable_path/Frameworks",
					"@loader_path/Frameworks",
				);
				PRODUCT_BUNDLE_IDENTIFIER = com.owenhenley.ReflectTests;
				PRODUCT_NAME = "$(TARGET_NAME)";
				SWIFT_VERSION = 4.2;
				TARGETED_DEVICE_FAMILY = "1,2";
				TEST_HOST = "$(BUILT_PRODUCTS_DIR)/Reflect.app/Reflect";
			};
			name = Release;
		};
		3EE0E8D12148966C005A798A /* Debug */ = {
			isa = XCBuildConfiguration;
			baseConfigurationReference = 4A268AB436AA0146FC64977B /* Pods-ReflectUITests.debug.xcconfig */;
			buildSettings = {
				ALWAYS_EMBED_SWIFT_STANDARD_LIBRARIES = YES;
				CODE_SIGN_STYLE = Automatic;
				DEVELOPMENT_TEAM = CYZA2EE6W8;
				INFOPLIST_FILE = ReflectUITests/Info.plist;
				LD_RUNPATH_SEARCH_PATHS = (
					"$(inherited)",
					"@executable_path/Frameworks",
					"@loader_path/Frameworks",
				);
				PRODUCT_BUNDLE_IDENTIFIER = com.owenhenley.ReflectUITests;
				PRODUCT_NAME = "$(TARGET_NAME)";
				SWIFT_VERSION = 4.2;
				TARGETED_DEVICE_FAMILY = "1,2";
				TEST_TARGET_NAME = Reflect;
			};
			name = Debug;
		};
		3EE0E8D22148966C005A798A /* Release */ = {
			isa = XCBuildConfiguration;
			baseConfigurationReference = 6C450F753E9AAA49054E113A /* Pods-ReflectUITests.release.xcconfig */;
			buildSettings = {
				ALWAYS_EMBED_SWIFT_STANDARD_LIBRARIES = YES;
				CODE_SIGN_STYLE = Automatic;
				DEVELOPMENT_TEAM = CYZA2EE6W8;
				INFOPLIST_FILE = ReflectUITests/Info.plist;
				LD_RUNPATH_SEARCH_PATHS = (
					"$(inherited)",
					"@executable_path/Frameworks",
					"@loader_path/Frameworks",
				);
				PRODUCT_BUNDLE_IDENTIFIER = com.owenhenley.ReflectUITests;
				PRODUCT_NAME = "$(TARGET_NAME)";
				SWIFT_VERSION = 4.2;
				TARGETED_DEVICE_FAMILY = "1,2";
				TEST_TARGET_NAME = Reflect;
			};
			name = Release;
		};
/* End XCBuildConfiguration section */

/* Begin XCConfigurationList section */
		3EE0E89D2148966A005A798A /* Build configuration list for PBXProject "Reflect" */ = {
			isa = XCConfigurationList;
			buildConfigurations = (
				3EE0E8C82148966C005A798A /* Debug */,
				3EE0E8C92148966C005A798A /* Release */,
			);
			defaultConfigurationIsVisible = 0;
			defaultConfigurationName = Release;
		};
		3EE0E8CA2148966C005A798A /* Build configuration list for PBXNativeTarget "Reflect" */ = {
			isa = XCConfigurationList;
			buildConfigurations = (
				3EE0E8CB2148966C005A798A /* Debug */,
				3EE0E8CC2148966C005A798A /* Release */,
			);
			defaultConfigurationIsVisible = 0;
			defaultConfigurationName = Release;
		};
		3EE0E8CD2148966C005A798A /* Build configuration list for PBXNativeTarget "ReflectTests" */ = {
			isa = XCConfigurationList;
			buildConfigurations = (
				3EE0E8CE2148966C005A798A /* Debug */,
				3EE0E8CF2148966C005A798A /* Release */,
			);
			defaultConfigurationIsVisible = 0;
			defaultConfigurationName = Release;
		};
		3EE0E8D02148966C005A798A /* Build configuration list for PBXNativeTarget "ReflectUITests" */ = {
			isa = XCConfigurationList;
			buildConfigurations = (
				3EE0E8D12148966C005A798A /* Debug */,
				3EE0E8D22148966C005A798A /* Release */,
			);
			defaultConfigurationIsVisible = 0;
			defaultConfigurationName = Release;
		};
/* End XCConfigurationList section */
	};
	rootObject = 3EE0E89A2148966A005A798A /* Project object */;
}
